# This file is automatically @generated by Cargo.
# It is not intended for manual editing.
version = 4

[[package]]
name = "code-graph-mcp"
version = "0.1.0"

[[package]]
name = "codegraph-core"
version = "0.1.0"

[[package]]
name = "codegraph-graph"
version = "0.1.0"

[[package]]
name = "codegraph-lang"
version = "0.1.0"

[[package]]
name = "codegraph-lang-cpp"
version = "0.1.0"

[[package]]
name = "codegraph-lang-go"
version = "0.1.0"

[[package]]
name = "codegraph-lang-python"
version = "0.1.0"

[[package]]
name = "codegraph-lang-rust"
version = "0.1.0"

[[package]]
name = "codegraph-parse-test"
version = "0.1.0"

[[package]]
name = "codegraph-tools"
version = "0.1.0"
